
Microsoft Visual Studio Solution File, Format Version 12.00
# Visual Studio Version 17
VisualStudioVersion = 17.9.34616.47
MinimumVisualStudioVersion = 10.0.40219.1
Project("{9A19103F-16F7-4668-BE54-9A1E7A4F7556}") = "QRCodeGenerator.Domain", "QRCodeGenerator.Domain\QRCodeGenerator.Domain.csproj", "{468BC557-256F-4E06-9FEC-002EF61D6252}"
EndProject
Project("{FAE04EC0-301F-11D3-BF4B-00C04F79EFBC}") = "QR Code Desktop App", "QR Code Desktop App\QR Code Desktop App.csproj", "{9D169093-5104-4BB1-967A-D29B66EC0195}"
EndProject
Global
	GlobalSection(SolutionConfigurationPlatforms) = preSolution
		Debug|Any CPU = Debug|Any CPU
		Release|Any CPU = Release|Any CPU
	EndGlobalSection
	GlobalSection(ProjectConfigurationPlatforms) = postSolution
		{468BC557-256F-4E06-9FEC-002EF61D6252}.Debug|Any CPU.ActiveCfg = Debug|Any CPU
		{468BC557-256F-4E06-9FEC-002EF61D6252}.Debug|Any CPU.Build.0 = Debug|Any CPU
		{468BC557-256F-4E06-9FEC-002EF61D6252}.Release|Any CPU.ActiveCfg = Release|Any CPU
		{468BC557-256F-4E06-9FEC-002EF61D6252}.Release|Any CPU.Build.0 = Release|Any CPU
		{9D169093-5104-4BB1-967A-D29B66EC0195}.Debug|Any CPU.ActiveCfg = Debug|Any CPU
		{9D169093-5104-4BB1-967A-D29B66EC0195}.Debug|Any CPU.Build.0 = Debug|Any CPU
		{9D169093-5104-4BB1-967A-D29B66EC0195}.Release|Any CPU.ActiveCfg = Release|Any CPU
		{9D169093-5104-4BB1-967A-D29B66EC0195}.Release|Any CPU.Build.0 = Release|Any CPU
	EndGlobalSection
	GlobalSection(SolutionProperties) = preSolution
		HideSolutionNode = FALSE
	EndGlobalSection
	GlobalSection(ExtensibilityGlobals) = postSolution
		SolutionGuid = {56DA3E1F-A329-46CB-AC5F-1897D6BED296}
	EndGlobalSection
EndGlobal
